dependencies:
- name: k8s-monitoring
  repository: https://grafana.github.io/helm-charts
  version: 3.2.1
- name: gluon
  repository: oci://registry1.dso.mil/bigbang
  version: 0.7.0
digest: sha256:c5ac64b57f7582f9b3ed4313e97efd71413cfb86197826d28ae94ed7f2fa01a0
generated: "2025-07-31T06:08:01.828910322Z"
