dependencies:
- name: k8s-monitoring
  repository: https://grafana.github.io/helm-charts
  version: 3.7.2
- name: gluon
  repository: oci://registry1.dso.mil/bigbang
  version: 0.9.7
- name: bb-common
  repository: oci://registry1.dso.mil/bigbang
  version: 0.12.3
digest: sha256:29aee5dc8589101c48e08106213625822859383020847531faa7cb6378ab3867
generated: "2026-01-15T07:28:38.950233323Z"
